{
	"name": "qiao-is-online-browser",
	"version": "0.1.7",
	"lockfileVersion": 2,
	"requires": true,
	"packages": {
		"": {
			"name": "qiao-is-online-browser",
			"version": "0.1.0",
			"license": "MIT",
			"dependencies": {
				"offline-to-online": "0.0.9"
			}
		},
		"node_modules/offline-to-online": {
			"version": "0.0.9",
			"resolved": "https://registry.npmjs.org/offline-to-online/-/offline-to-online-0.0.9.tgz",
			"integrity": "sha512-4MITRJTW0qeXwhzsCqzdsfHmAv7t1HyNlEnn0TpYjBHIGyzh8aj8RcK9fmN7JqKtYk3Fx2wUhaz9852vqyBOSw==",
			"funding": {
				"url": "http://uikoo9.com/donate"
			}
		}
	},
	"dependencies": {
		"offline-to-online": {
			"version": "0.0.9",
			"resolved": "https://registry.npmjs.org/offline-to-online/-/offline-to-online-0.0.9.tgz",
			"integrity": "sha512-4MITRJTW0qeXwhzsCqzdsfHmAv7t1HyNlEnn0TpYjBHIGyzh8aj8RcK9fmN7JqKtYk3Fx2wUhaz9852vqyBOSw=="
		}
	}
}
