{
  "name": "qiao-get-ip",
  "version": "1.0.6",
  "lockfileVersion": 2,
  "requires": true,
  "packages": {
    "": {
      "name": "qiao-get-ip",
      "version": "1.0.6",
      "license": "MIT",
      "dependencies": {
        "ip-regex": "^5.0.0"
      }
    },
    "../qiao-ajax": {
      "version": "2.6.6",
      "extraneous": true,
      "license": "MIT",
      "dependencies": {
        "axios": "0.27.2",
        "test": "^3.0.1"
      }
    },
    "node_modules/ip-regex": {
      "version": "5.0.0",
      "license": "MIT",
      "engines": {
        "node": "^12.20.0 || ^14.13.1 || >=16.0.0"
      },
      "funding": {
        "url": "https://github.com/sponsors/sindresorhus"
      }
    }
  },
  "dependencies": {
    "ip-regex": {
      "version": "5.0.0"
    }
  }
}
