{
	"name": "qiao-electron",
	"version": "0.9.1",
	"lockfileVersion": 2,
	"requires": true,
	"packages": {
		"": {
			"name": "qiao-electron",
			"version": "0.8.6",
			"license": "MIT",
			"dependencies": {
				"@sentry/electron": "^3.0.7"
			},
			"devDependencies": {
				"rollup": "^2.70.2"
			}
		},
		"node_modules/@sentry/browser": {
			"version": "6.19.2",
			"resolved": "https://registry.npmjs.org/@sentry/browser/-/browser-6.19.2.tgz",
			"integrity": "sha512-5VC44p5Vu2eJhVT39nLAJFgha5MjHDYCyZRR1ieeZt3a++otojPGBBAKNAtrEMGV+A2Z9AoneD6ZnDVlyb3GKg==",
			"dependencies": {
				"@sentry/core": "6.19.2",
				"@sentry/types": "6.19.2",
				"@sentry/utils": "6.19.2",
				"tslib": "^1.9.3"
			},
			"engines": {
				"node": ">=6"
			}
		},
		"node_modules/@sentry/browser/node_modules/tslib": {
			"version": "1.14.1",
			"resolved": "https://registry.npmjs.org/tslib/-/tslib-1.14.1.tgz",
			"integrity": "sha512-Xni35NKzjgMrwevysHTCArtLDpPvye8zV/0E4EyYn43P7/7qvQwPh9BGkHewbMulVntbigmcT7rdX3BNo9wRJg=="
		},
		"node_modules/@sentry/core": {
			"version": "6.19.2",
			"resolved": "https://registry.npmjs.org/@sentry/core/-/core-6.19.2.tgz",
			"integrity": "sha512-yu1R3ewBT4udmB4v7sc4biQZ0Z0rfB9+TzB5ZKoCftbe6kqXjFMMaFRYNUF9HicVldKAsBktgkWw3+yfqGkw/A==",
			"dependencies": {
				"@sentry/hub": "6.19.2",
				"@sentry/minimal": "6.19.2",
				"@sentry/types": "6.19.2",
				"@sentry/utils": "6.19.2",
				"tslib": "^1.9.3"
			},
			"engines": {
				"node": ">=6"
			}
		},
		"node_modules/@sentry/core/node_modules/tslib": {
			"version": "1.14.1",
			"resolved": "https://registry.npmjs.org/tslib/-/tslib-1.14.1.tgz",
			"integrity": "sha512-Xni35NKzjgMrwevysHTCArtLDpPvye8zV/0E4EyYn43P7/7qvQwPh9BGkHewbMulVntbigmcT7rdX3BNo9wRJg=="
		},
		"node_modules/@sentry/electron": {
			"version": "3.0.7",
			"resolved": "https://registry.npmjs.org/@sentry/electron/-/electron-3.0.7.tgz",
			"integrity": "sha512-Rahi1jgvjHnx1jGkkPPvDCxSCAME7xc2eBcFCLb4R/WDuNblR7tgJUuAtzv9JpxUgRHy1oLNct0wcvIu1mcXoA==",
			"dependencies": {
				"@sentry/browser": "6.19.2",
				"@sentry/core": "6.19.2",
				"@sentry/node": "6.19.2",
				"@sentry/types": "6.19.2",
				"@sentry/utils": "6.19.2",
				"deepmerge": "^4.2.2",
				"tslib": "^2.3.1"
			}
		},
		"node_modules/@sentry/hub": {
			"version": "6.19.2",
			"resolved": "https://registry.npmjs.org/@sentry/hub/-/hub-6.19.2.tgz",
			"integrity": "sha512-W7KCgNBgdBIMagOxy5J5KQPe+maYxSqfE8a5ncQ3R8BcZDQEKnkW/1FplNbfRLZqA/tL/ndKb7pTPqVtzsbARw==",
			"dependencies": {
				"@sentry/types": "6.19.2",
				"@sentry/utils": "6.19.2",
				"tslib": "^1.9.3"
			},
			"engines": {
				"node": ">=6"
			}
		},
		"node_modules/@sentry/hub/node_modules/tslib": {
			"version": "1.14.1",
			"resolved": "https://registry.npmjs.org/tslib/-/tslib-1.14.1.tgz",
			"integrity": "sha512-Xni35NKzjgMrwevysHTCArtLDpPvye8zV/0E4EyYn43P7/7qvQwPh9BGkHewbMulVntbigmcT7rdX3BNo9wRJg=="
		},
		"node_modules/@sentry/minimal": {
			"version": "6.19.2",
			"resolved": "https://registry.npmjs.org/@sentry/minimal/-/minimal-6.19.2.tgz",
			"integrity": "sha512-ClwxKm77iDHET7kpzv1JvzDx1er5DoNu+EUjst0kQzARIrXvu9xuZuE2/CnBWycQWqw8o3HoGoKz65uIhsUCzQ==",
			"dependencies": {
				"@sentry/hub": "6.19.2",
				"@sentry/types": "6.19.2",
				"tslib": "^1.9.3"
			},
			"engines": {
				"node": ">=6"
			}
		},
		"node_modules/@sentry/minimal/node_modules/tslib": {
			"version": "1.14.1",
			"resolved": "https://registry.npmjs.org/tslib/-/tslib-1.14.1.tgz",
			"integrity": "sha512-Xni35NKzjgMrwevysHTCArtLDpPvye8zV/0E4EyYn43P7/7qvQwPh9BGkHewbMulVntbigmcT7rdX3BNo9wRJg=="
		},
		"node_modules/@sentry/node": {
			"version": "6.19.2",
			"resolved": "https://registry.npmjs.org/@sentry/node/-/node-6.19.2.tgz",
			"integrity": "sha512-Z1qREpTpYHxaeWjc1zMUk8ZTAp1WbxMiI2TVNc+a14DVT19Z2xNXb06MiRfeLgNc9lVGdmzR62dPmMBjVgPJYg==",
			"dependencies": {
				"@sentry/core": "6.19.2",
				"@sentry/hub": "6.19.2",
				"@sentry/types": "6.19.2",
				"@sentry/utils": "6.19.2",
				"cookie": "^0.4.1",
				"https-proxy-agent": "^5.0.0",
				"lru_map": "^0.3.3",
				"tslib": "^1.9.3"
			},
			"engines": {
				"node": ">=6"
			}
		},
		"node_modules/@sentry/node/node_modules/tslib": {
			"version": "1.14.1",
			"resolved": "https://registry.npmjs.org/tslib/-/tslib-1.14.1.tgz",
			"integrity": "sha512-Xni35NKzjgMrwevysHTCArtLDpPvye8zV/0E4EyYn43P7/7qvQwPh9BGkHewbMulVntbigmcT7rdX3BNo9wRJg=="
		},
		"node_modules/@sentry/types": {
			"version": "6.19.2",
			"resolved": "https://registry.npmjs.org/@sentry/types/-/types-6.19.2.tgz",
			"integrity": "sha512-XO5qmVBdTs+7PdCz7fAwn1afWxSnRE2KLBFg5/vOdKosPSSHsSHUURSkxiEZc2QsR+JpRB4AeQ26AkIRX38qTg==",
			"engines": {
				"node": ">=6"
			}
		},
		"node_modules/@sentry/utils": {
			"version": "6.19.2",
			"resolved": "https://registry.npmjs.org/@sentry/utils/-/utils-6.19.2.tgz",
			"integrity": "sha512-2DQQ2OJaxjtyxGq5FmMlqb6hptsqMs2xoBiVRMkTS/rvyTrk1oQdKZ8ePwjtgX3nJ728ni3IXIyXV+vfGp4EBw==",
			"dependencies": {
				"@sentry/types": "6.19.2",
				"tslib": "^1.9.3"
			},
			"engines": {
				"node": ">=6"
			}
		},
		"node_modules/@sentry/utils/node_modules/tslib": {
			"version": "1.14.1",
			"resolved": "https://registry.npmjs.org/tslib/-/tslib-1.14.1.tgz",
			"integrity": "sha512-Xni35NKzjgMrwevysHTCArtLDpPvye8zV/0E4EyYn43P7/7qvQwPh9BGkHewbMulVntbigmcT7rdX3BNo9wRJg=="
		},
		"node_modules/agent-base": {
			"version": "6.0.2",
			"resolved": "https://registry.npmjs.org/agent-base/-/agent-base-6.0.2.tgz",
			"integrity": "sha512-RZNwNclF7+MS/8bDg70amg32dyeZGZxiDuQmZxKLAlQjr3jGyLx+4Kkk58UO7D2QdgFIQCovuSuZESne6RG6XQ==",
			"dependencies": {
				"debug": "4"
			},
			"engines": {
				"node": ">= 6.0.0"
			}
		},
		"node_modules/cookie": {
			"version": "0.4.2",
			"resolved": "https://registry.npmjs.org/cookie/-/cookie-0.4.2.tgz",
			"integrity": "sha512-aSWTXFzaKWkvHO1Ny/s+ePFpvKsPnjc551iI41v3ny/ow6tBG5Vd+FuqGNhh1LxOmVzOlGUriIlOaokOvhaStA==",
			"engines": {
				"node": ">= 0.6"
			}
		},
		"node_modules/debug": {
			"version": "4.3.4",
			"resolved": "https://registry.npmjs.org/debug/-/debug-4.3.4.tgz",
			"integrity": "sha512-PRWFHuSU3eDtQJPvnNY7Jcket1j0t5OuOsFzPPzsekD52Zl8qUfFIPEiswXqIvHWGVHOgX+7G/vCNNhehwxfkQ==",
			"dependencies": {
				"ms": "2.1.2"
			},
			"engines": {
				"node": ">=6.0"
			},
			"peerDependenciesMeta": {
				"supports-color": {
					"optional": true
				}
			}
		},
		"node_modules/deepmerge": {
			"version": "4.2.2",
			"resolved": "https://registry.npmjs.org/deepmerge/-/deepmerge-4.2.2.tgz",
			"integrity": "sha512-FJ3UgI4gIl+PHZm53knsuSFpE+nESMr7M4v9QcgB7S63Kj/6WqMiFQJpBBYz1Pt+66bZpP3Q7Lye0Oo9MPKEdg==",
			"engines": {
				"node": ">=0.10.0"
			}
		},
		"node_modules/fsevents": {
			"version": "2.3.2",
			"resolved": "https://registry.npmjs.org/fsevents/-/fsevents-2.3.2.tgz",
			"integrity": "sha512-xiqMQR4xAeHTuB9uWm+fFRcIOgKBMiOBP+eXiyT7jsgVCq1bkVygt00oASowB7EdtpOHaaPgKt812P9ab+DDKA==",
			"dev": true,
			"hasInstallScript": true,
			"optional": true,
			"os": [
				"darwin"
			],
			"engines": {
				"node": "^8.16.0 || ^10.6.0 || >=11.0.0"
			}
		},
		"node_modules/https-proxy-agent": {
			"version": "5.0.1",
			"resolved": "https://registry.npmjs.org/https-proxy-agent/-/https-proxy-agent-5.0.1.tgz",
			"integrity": "sha512-dFcAjpTQFgoLMzC2VwU+C/CbS7uRL0lWmxDITmqm7C+7F0Odmj6s9l6alZc6AELXhrnggM2CeWSXHGOdX2YtwA==",
			"dependencies": {
				"agent-base": "6",
				"debug": "4"
			},
			"engines": {
				"node": ">= 6"
			}
		},
		"node_modules/lru_map": {
			"version": "0.3.3",
			"resolved": "https://registry.npmjs.org/lru_map/-/lru_map-0.3.3.tgz",
			"integrity": "sha1-tcg1G5Rky9dQM1p5ZQoOwOVhGN0="
		},
		"node_modules/ms": {
			"version": "2.1.2",
			"resolved": "https://registry.npmjs.org/ms/-/ms-2.1.2.tgz",
			"integrity": "sha512-sGkPx+VjMtmA6MX27oA4FBFELFCZZ4S4XqeGOXCv68tT+jb3vk/RyaKWP0PTKyWtmLSM0b+adUTEvbs1PEaH2w=="
		},
		"node_modules/rollup": {
			"version": "2.70.2",
			"resolved": "https://registry.npmjs.org/rollup/-/rollup-2.70.2.tgz",
			"integrity": "sha512-EitogNZnfku65I1DD5Mxe8JYRUCy0hkK5X84IlDtUs+O6JRMpRciXTzyCUuX11b5L5pvjH+OmFXiQ3XjabcXgg==",
			"dev": true,
			"bin": {
				"rollup": "dist/bin/rollup"
			},
			"engines": {
				"node": ">=10.0.0"
			},
			"optionalDependencies": {
				"fsevents": "~2.3.2"
			}
		},
		"node_modules/tslib": {
			"version": "2.3.1",
			"resolved": "https://registry.npmjs.org/tslib/-/tslib-2.3.1.tgz",
			"integrity": "sha512-77EbyPPpMz+FRFRuAFlWMtmgUWGe9UOG2Z25NqCwiIjRhOf5iKGuzSe5P2w1laq+FkRy4p+PCuVkJSGkzTEKVw=="
		}
	},
	"dependencies": {
		"@sentry/browser": {
			"version": "6.19.2",
			"resolved": "https://registry.npmjs.org/@sentry/browser/-/browser-6.19.2.tgz",
			"integrity": "sha512-5VC44p5Vu2eJhVT39nLAJFgha5MjHDYCyZRR1ieeZt3a++otojPGBBAKNAtrEMGV+A2Z9AoneD6ZnDVlyb3GKg==",
			"requires": {
				"@sentry/core": "6.19.2",
				"@sentry/types": "6.19.2",
				"@sentry/utils": "6.19.2",
				"tslib": "^1.9.3"
			},
			"dependencies": {
				"tslib": {
					"version": "1.14.1",
					"resolved": "https://registry.npmjs.org/tslib/-/tslib-1.14.1.tgz",
					"integrity": "sha512-Xni35NKzjgMrwevysHTCArtLDpPvye8zV/0E4EyYn43P7/7qvQwPh9BGkHewbMulVntbigmcT7rdX3BNo9wRJg=="
				}
			}
		},
		"@sentry/core": {
			"version": "6.19.2",
			"resolved": "https://registry.npmjs.org/@sentry/core/-/core-6.19.2.tgz",
			"integrity": "sha512-yu1R3ewBT4udmB4v7sc4biQZ0Z0rfB9+TzB5ZKoCftbe6kqXjFMMaFRYNUF9HicVldKAsBktgkWw3+yfqGkw/A==",
			"requires": {
				"@sentry/hub": "6.19.2",
				"@sentry/minimal": "6.19.2",
				"@sentry/types": "6.19.2",
				"@sentry/utils": "6.19.2",
				"tslib": "^1.9.3"
			},
			"dependencies": {
				"tslib": {
					"version": "1.14.1",
					"resolved": "https://registry.npmjs.org/tslib/-/tslib-1.14.1.tgz",
					"integrity": "sha512-Xni35NKzjgMrwevysHTCArtLDpPvye8zV/0E4EyYn43P7/7qvQwPh9BGkHewbMulVntbigmcT7rdX3BNo9wRJg=="
				}
			}
		},
		"@sentry/electron": {
			"version": "3.0.7",
			"resolved": "https://registry.npmjs.org/@sentry/electron/-/electron-3.0.7.tgz",
			"integrity": "sha512-Rahi1jgvjHnx1jGkkPPvDCxSCAME7xc2eBcFCLb4R/WDuNblR7tgJUuAtzv9JpxUgRHy1oLNct0wcvIu1mcXoA==",
			"requires": {
				"@sentry/browser": "6.19.2",
				"@sentry/core": "6.19.2",
				"@sentry/node": "6.19.2",
				"@sentry/types": "6.19.2",
				"@sentry/utils": "6.19.2",
				"deepmerge": "^4.2.2",
				"tslib": "^2.3.1"
			}
		},
		"@sentry/hub": {
			"version": "6.19.2",
			"resolved": "https://registry.npmjs.org/@sentry/hub/-/hub-6.19.2.tgz",
			"integrity": "sha512-W7KCgNBgdBIMagOxy5J5KQPe+maYxSqfE8a5ncQ3R8BcZDQEKnkW/1FplNbfRLZqA/tL/ndKb7pTPqVtzsbARw==",
			"requires": {
				"@sentry/types": "6.19.2",
				"@sentry/utils": "6.19.2",
				"tslib": "^1.9.3"
			},
			"dependencies": {
				"tslib": {
					"version": "1.14.1",
					"resolved": "https://registry.npmjs.org/tslib/-/tslib-1.14.1.tgz",
					"integrity": "sha512-Xni35NKzjgMrwevysHTCArtLDpPvye8zV/0E4EyYn43P7/7qvQwPh9BGkHewbMulVntbigmcT7rdX3BNo9wRJg=="
				}
			}
		},
		"@sentry/minimal": {
			"version": "6.19.2",
			"resolved": "https://registry.npmjs.org/@sentry/minimal/-/minimal-6.19.2.tgz",
			"integrity": "sha512-ClwxKm77iDHET7kpzv1JvzDx1er5DoNu+EUjst0kQzARIrXvu9xuZuE2/CnBWycQWqw8o3HoGoKz65uIhsUCzQ==",
			"requires": {
				"@sentry/hub": "6.19.2",
				"@sentry/types": "6.19.2",
				"tslib": "^1.9.3"
			},
			"dependencies": {
				"tslib": {
					"version": "1.14.1",
					"resolved": "https://registry.npmjs.org/tslib/-/tslib-1.14.1.tgz",
					"integrity": "sha512-Xni35NKzjgMrwevysHTCArtLDpPvye8zV/0E4EyYn43P7/7qvQwPh9BGkHewbMulVntbigmcT7rdX3BNo9wRJg=="
				}
			}
		},
		"@sentry/node": {
			"version": "6.19.2",
			"resolved": "https://registry.npmjs.org/@sentry/node/-/node-6.19.2.tgz",
			"integrity": "sha512-Z1qREpTpYHxaeWjc1zMUk8ZTAp1WbxMiI2TVNc+a14DVT19Z2xNXb06MiRfeLgNc9lVGdmzR62dPmMBjVgPJYg==",
			"requires": {
				"@sentry/core": "6.19.2",
				"@sentry/hub": "6.19.2",
				"@sentry/types": "6.19.2",
				"@sentry/utils": "6.19.2",
				"cookie": "^0.4.1",
				"https-proxy-agent": "^5.0.0",
				"lru_map": "^0.3.3",
				"tslib": "^1.9.3"
			},
			"dependencies": {
				"tslib": {
					"version": "1.14.1",
					"resolved": "https://registry.npmjs.org/tslib/-/tslib-1.14.1.tgz",
					"integrity": "sha512-Xni35NKzjgMrwevysHTCArtLDpPvye8zV/0E4EyYn43P7/7qvQwPh9BGkHewbMulVntbigmcT7rdX3BNo9wRJg=="
				}
			}
		},
		"@sentry/types": {
			"version": "6.19.2",
			"resolved": "https://registry.npmjs.org/@sentry/types/-/types-6.19.2.tgz",
			"integrity": "sha512-XO5qmVBdTs+7PdCz7fAwn1afWxSnRE2KLBFg5/vOdKosPSSHsSHUURSkxiEZc2QsR+JpRB4AeQ26AkIRX38qTg=="
		},
		"@sentry/utils": {
			"version": "6.19.2",
			"resolved": "https://registry.npmjs.org/@sentry/utils/-/utils-6.19.2.tgz",
			"integrity": "sha512-2DQQ2OJaxjtyxGq5FmMlqb6hptsqMs2xoBiVRMkTS/rvyTrk1oQdKZ8ePwjtgX3nJ728ni3IXIyXV+vfGp4EBw==",
			"requires": {
				"@sentry/types": "6.19.2",
				"tslib": "^1.9.3"
			},
			"dependencies": {
				"tslib": {
					"version": "1.14.1",
					"resolved": "https://registry.npmjs.org/tslib/-/tslib-1.14.1.tgz",
					"integrity": "sha512-Xni35NKzjgMrwevysHTCArtLDpPvye8zV/0E4EyYn43P7/7qvQwPh9BGkHewbMulVntbigmcT7rdX3BNo9wRJg=="
				}
			}
		},
		"agent-base": {
			"version": "6.0.2",
			"resolved": "https://registry.npmjs.org/agent-base/-/agent-base-6.0.2.tgz",
			"integrity": "sha512-RZNwNclF7+MS/8bDg70amg32dyeZGZxiDuQmZxKLAlQjr3jGyLx+4Kkk58UO7D2QdgFIQCovuSuZESne6RG6XQ==",
			"requires": {
				"debug": "4"
			}
		},
		"cookie": {
			"version": "0.4.2",
			"resolved": "https://registry.npmjs.org/cookie/-/cookie-0.4.2.tgz",
			"integrity": "sha512-aSWTXFzaKWkvHO1Ny/s+ePFpvKsPnjc551iI41v3ny/ow6tBG5Vd+FuqGNhh1LxOmVzOlGUriIlOaokOvhaStA=="
		},
		"debug": {
			"version": "4.3.4",
			"resolved": "https://registry.npmjs.org/debug/-/debug-4.3.4.tgz",
			"integrity": "sha512-PRWFHuSU3eDtQJPvnNY7Jcket1j0t5OuOsFzPPzsekD52Zl8qUfFIPEiswXqIvHWGVHOgX+7G/vCNNhehwxfkQ==",
			"requires": {
				"ms": "2.1.2"
			}
		},
		"deepmerge": {
			"version": "4.2.2",
			"resolved": "https://registry.npmjs.org/deepmerge/-/deepmerge-4.2.2.tgz",
			"integrity": "sha512-FJ3UgI4gIl+PHZm53knsuSFpE+nESMr7M4v9QcgB7S63Kj/6WqMiFQJpBBYz1Pt+66bZpP3Q7Lye0Oo9MPKEdg=="
		},
		"fsevents": {
			"version": "2.3.2",
			"resolved": "https://registry.npmjs.org/fsevents/-/fsevents-2.3.2.tgz",
			"integrity": "sha512-xiqMQR4xAeHTuB9uWm+fFRcIOgKBMiOBP+eXiyT7jsgVCq1bkVygt00oASowB7EdtpOHaaPgKt812P9ab+DDKA==",
			"dev": true,
			"optional": true
		},
		"https-proxy-agent": {
			"version": "5.0.1",
			"resolved": "https://registry.npmjs.org/https-proxy-agent/-/https-proxy-agent-5.0.1.tgz",
			"integrity": "sha512-dFcAjpTQFgoLMzC2VwU+C/CbS7uRL0lWmxDITmqm7C+7F0Odmj6s9l6alZc6AELXhrnggM2CeWSXHGOdX2YtwA==",
			"requires": {
				"agent-base": "6",
				"debug": "4"
			}
		},
		"lru_map": {
			"version": "0.3.3",
			"resolved": "https://registry.npmjs.org/lru_map/-/lru_map-0.3.3.tgz",
			"integrity": "sha1-tcg1G5Rky9dQM1p5ZQoOwOVhGN0="
		},
		"ms": {
			"version": "2.1.2",
			"resolved": "https://registry.npmjs.org/ms/-/ms-2.1.2.tgz",
			"integrity": "sha512-sGkPx+VjMtmA6MX27oA4FBFELFCZZ4S4XqeGOXCv68tT+jb3vk/RyaKWP0PTKyWtmLSM0b+adUTEvbs1PEaH2w=="
		},
		"rollup": {
			"version": "2.70.2",
			"resolved": "https://registry.npmjs.org/rollup/-/rollup-2.70.2.tgz",
			"integrity": "sha512-EitogNZnfku65I1DD5Mxe8JYRUCy0hkK5X84IlDtUs+O6JRMpRciXTzyCUuX11b5L5pvjH+OmFXiQ3XjabcXgg==",
			"dev": true,
			"requires": {
				"fsevents": "~2.3.2"
			}
		},
		"tslib": {
			"version": "2.3.1",
			"resolved": "https://registry.npmjs.org/tslib/-/tslib-2.3.1.tgz",
			"integrity": "sha512-77EbyPPpMz+FRFRuAFlWMtmgUWGe9UOG2Z25NqCwiIjRhOf5iKGuzSe5P2w1laq+FkRy4p+PCuVkJSGkzTEKVw=="
		}
	}
}
