{
	"name": "qiao-timer",
	"version": "0.1.1",
	"lockfileVersion": 2,
	"requires": true,
	"packages": {
		"": {
			"name": "qiao-timer",
			"version": "0.1.1",
			"license": "MIT",
			"dependencies": {
				"cron": "^2.0.0"
			}
		},
		"node_modules/cron": {
			"version": "2.0.0",
			"resolved": "https://registry.npmjs.org/cron/-/cron-2.0.0.tgz",
			"integrity": "sha512-RPeRunBCFr/WEo7WLp8Jnm45F/ziGJiHVvVQEBSDTSGu6uHW49b2FOP2O14DcXlGJRLhwE7TIoDzHHK4KmlL6g==",
			"dependencies": {
				"luxon": "^1.23.x"
			}
		},
		"node_modules/luxon": {
			"version": "1.28.0",
			"resolved": "https://registry.npmjs.org/luxon/-/luxon-1.28.0.tgz",
			"integrity": "sha512-TfTiyvZhwBYM/7QdAVDh+7dBTBA29v4ik0Ce9zda3Mnf8on1S5KJI8P2jKFZ8+5C0jhmr0KwJEO/Wdpm0VeWJQ==",
			"engines": {
				"node": "*"
			}
		}
	},
	"dependencies": {
		"cron": {
			"version": "2.0.0",
			"resolved": "https://registry.npmjs.org/cron/-/cron-2.0.0.tgz",
			"integrity": "sha512-RPeRunBCFr/WEo7WLp8Jnm45F/ziGJiHVvVQEBSDTSGu6uHW49b2FOP2O14DcXlGJRLhwE7TIoDzHHK4KmlL6g==",
			"requires": {
				"luxon": "^1.23.x"
			}
		},
		"luxon": {
			"version": "1.28.0",
			"resolved": "https://registry.npmjs.org/luxon/-/luxon-1.28.0.tgz",
			"integrity": "sha512-TfTiyvZhwBYM/7QdAVDh+7dBTBA29v4ik0Ce9zda3Mnf8on1S5KJI8P2jKFZ8+5C0jhmr0KwJEO/Wdpm0VeWJQ=="
		}
	}
}
