{
	"name": "qiao-timer",
	"version": "0.0.6",
	"lockfileVersion": 2,
	"requires": true,
	"packages": {
		"": {
			"name": "qiao-timer",
			"version": "0.0.4",
			"license": "MIT",
			"dependencies": {
				"cron": "^1.8.2"
			}
		},
		"node_modules/cron": {
			"version": "1.8.2",
			"resolved": "https://registry.npmjs.org/cron/-/cron-1.8.2.tgz",
			"integrity": "sha512-Gk2c4y6xKEO8FSAUTklqtfSr7oTq0CiPQeLBG5Fl0qoXpZyMcj1SG59YL+hqq04bu6/IuEA7lMkYDAplQNKkyg==",
			"dependencies": {
				"moment-timezone": "^0.5.x"
			}
		},
		"node_modules/moment": {
			"version": "2.29.3",
			"resolved": "https://registry.npmjs.org/moment/-/moment-2.29.3.tgz",
			"integrity": "sha512-c6YRvhEo//6T2Jz/vVtYzqBzwvPT95JBQ+smCytzf7c50oMZRsR/a4w88aD34I+/QVSfnoAnSBFPJHItlOMJVw==",
			"engines": {
				"node": "*"
			}
		},
		"node_modules/moment-timezone": {
			"version": "0.5.34",
			"resolved": "https://registry.npmjs.org/moment-timezone/-/moment-timezone-0.5.34.tgz",
			"integrity": "sha512-3zAEHh2hKUs3EXLESx/wsgw6IQdusOT8Bxm3D9UrHPQR7zlMmzwybC8zHEM1tQ4LJwP7fcxrWr8tuBg05fFCbg==",
			"dependencies": {
				"moment": ">= 2.9.0"
			},
			"engines": {
				"node": "*"
			}
		}
	},
	"dependencies": {
		"cron": {
			"version": "1.8.2",
			"resolved": "https://registry.npmjs.org/cron/-/cron-1.8.2.tgz",
			"integrity": "sha512-Gk2c4y6xKEO8FSAUTklqtfSr7oTq0CiPQeLBG5Fl0qoXpZyMcj1SG59YL+hqq04bu6/IuEA7lMkYDAplQNKkyg==",
			"requires": {
				"moment-timezone": "^0.5.x"
			}
		},
		"moment": {
			"version": "2.29.3",
			"resolved": "https://registry.npmjs.org/moment/-/moment-2.29.3.tgz",
			"integrity": "sha512-c6YRvhEo//6T2Jz/vVtYzqBzwvPT95JBQ+smCytzf7c50oMZRsR/a4w88aD34I+/QVSfnoAnSBFPJHItlOMJVw=="
		},
		"moment-timezone": {
			"version": "0.5.34",
			"resolved": "https://registry.npmjs.org/moment-timezone/-/moment-timezone-0.5.34.tgz",
			"integrity": "sha512-3zAEHh2hKUs3EXLESx/wsgw6IQdusOT8Bxm3D9UrHPQR7zlMmzwybC8zHEM1tQ4LJwP7fcxrWr8tuBg05fFCbg==",
			"requires": {
				"moment": ">= 2.9.0"
			}
		}
	}
}
