{
  "name": "qiao.ext.txsms",
  "version": "0.0.3",
  "lockfileVersion": 2,
  "requires": true,
  "packages": {
    "": {
      "version": "0.0.3",
      "license": "MIT",
      "dependencies": {
        "qcloudsms_js": "^0.1.1"
      },
      "funding": {
        "url": "http://uikoo9.com/donate"
      }
    },
    "node_modules/qcloudsms_js": {
      "version": "0.1.1",
      "resolved": "https://registry.npmjs.org/qcloudsms_js/-/qcloudsms_js-0.1.1.tgz",
      "integrity": "sha512-ewdlD32XF0BkV5sGNCFHCR9FSf6fi6PijJGX1YkowFziycYUyoCThDWKM0aeZG6kSQ1y8qHHBYFhAl7JTSlhuQ=="
    }
  },
  "dependencies": {
    "qcloudsms_js": {
      "version": "0.1.1",
      "resolved": "https://registry.npmjs.org/qcloudsms_js/-/qcloudsms_js-0.1.1.tgz",
      "integrity": "sha512-ewdlD32XF0BkV5sGNCFHCR9FSf6fi6PijJGX1YkowFziycYUyoCThDWKM0aeZG6kSQ1y8qHHBYFhAl7JTSlhuQ=="
    }
  }
}
