{
  "name": "qiao.ext.txsms",
  "version": "0.0.1",
  "lockfileVersion": 1,
  "requires": true,
  "dependencies": {
    "qcloudsms_js": {
      "version": "0.1.1",
      "resolved": "https://registry.npmjs.org/qcloudsms_js/-/qcloudsms_js-0.1.1.tgz",
      "integrity": "sha512-ewdlD32XF0BkV5sGNCFHCR9FSf6fi6PijJGX1YkowFziycYUyoCThDWKM0aeZG6kSQ1y8qHHBYFhAl7JTSlhuQ=="
    }
  }
}
