{
  "name": "qiao-is-online",
  "version": "0.0.7",
  "lockfileVersion": 2,
  "requires": true,
  "packages": {
    "": {
      "name": "qiao-is-online",
      "version": "0.0.6",
      "license": "MIT",
      "dependencies": {
        "offline-to-online": "0.0.9",
        "qiao-ping": "0.0.4"
      }
    },
    "node_modules/offline-to-online": {
      "version": "0.0.9",
      "resolved": "https://registry.npmjs.org/offline-to-online/-/offline-to-online-0.0.9.tgz",
      "integrity": "sha512-4MITRJTW0qeXwhzsCqzdsfHmAv7t1HyNlEnn0TpYjBHIGyzh8aj8RcK9fmN7JqKtYk3Fx2wUhaz9852vqyBOSw==",
      "funding": {
        "url": "http://uikoo9.com/donate"
      }
    },
    "node_modules/ping": {
      "version": "0.4.2",
      "resolved": "https://registry.npmjs.org/ping/-/ping-0.4.2.tgz",
      "integrity": "sha512-1uAw0bzHtrPbPo2s6no06oZAzY6KqKclEJR1JRZKIHKXKlPdrz9N0/1MPPB+BbrvMjN3Mk0pcod3bfLNZFRo9w==",
      "dependencies": {
        "q": "1.x",
        "underscore": "^1.12.0"
      },
      "engines": {
        "node": ">=4.0.0"
      }
    },
    "node_modules/q": {
      "version": "1.5.1",
      "resolved": "https://registry.npmjs.org/q/-/q-1.5.1.tgz",
      "integrity": "sha1-fjL3W0E4EpHQRhHxvxQQmsAGUdc=",
      "engines": {
        "node": ">=0.6.0",
        "teleport": ">=0.2.0"
      }
    },
    "node_modules/qiao-ping": {
      "version": "0.0.4",
      "resolved": "https://registry.npmjs.org/qiao-ping/-/qiao-ping-0.0.4.tgz",
      "integrity": "sha512-8NgV3jBV7DZZVDdntkC89pwYHeY1YpKD9clSrvadznF4U3vo2q811jDd0D6F0JhstVtlPO53BdCtsdV2XRQOKw==",
      "dependencies": {
        "ping": "^0.4.2"
      }
    },
    "node_modules/underscore": {
      "version": "1.13.3",
      "resolved": "https://registry.npmjs.org/underscore/-/underscore-1.13.3.tgz",
      "integrity": "sha512-QvjkYpiD+dJJraRA8+dGAU4i7aBbb2s0S3jA45TFOvg2VgqvdCDd/3N6CqA8gluk1W91GLoXg5enMUx560QzuA=="
    }
  },
  "dependencies": {
    "offline-to-online": {
      "version": "0.0.9",
      "resolved": "https://registry.npmjs.org/offline-to-online/-/offline-to-online-0.0.9.tgz",
      "integrity": "sha512-4MITRJTW0qeXwhzsCqzdsfHmAv7t1HyNlEnn0TpYjBHIGyzh8aj8RcK9fmN7JqKtYk3Fx2wUhaz9852vqyBOSw=="
    },
    "ping": {
      "version": "0.4.2",
      "resolved": "https://registry.npmjs.org/ping/-/ping-0.4.2.tgz",
      "integrity": "sha512-1uAw0bzHtrPbPo2s6no06oZAzY6KqKclEJR1JRZKIHKXKlPdrz9N0/1MPPB+BbrvMjN3Mk0pcod3bfLNZFRo9w==",
      "requires": {
        "q": "1.x",
        "underscore": "^1.12.0"
      }
    },
    "q": {
      "version": "1.5.1",
      "resolved": "https://registry.npmjs.org/q/-/q-1.5.1.tgz",
      "integrity": "sha1-fjL3W0E4EpHQRhHxvxQQmsAGUdc="
    },
    "qiao-ping": {
      "version": "0.0.4",
      "resolved": "https://registry.npmjs.org/qiao-ping/-/qiao-ping-0.0.4.tgz",
      "integrity": "sha512-8NgV3jBV7DZZVDdntkC89pwYHeY1YpKD9clSrvadznF4U3vo2q811jDd0D6F0JhstVtlPO53BdCtsdV2XRQOKw==",
      "requires": {
        "ping": "^0.4.2"
      }
    },
    "underscore": {
      "version": "1.13.3",
      "resolved": "https://registry.npmjs.org/underscore/-/underscore-1.13.3.tgz",
      "integrity": "sha512-QvjkYpiD+dJJraRA8+dGAU4i7aBbb2s0S3jA45TFOvg2VgqvdCDd/3N6CqA8gluk1W91GLoXg5enMUx560QzuA=="
    }
  }
}
