{
    "name": "qiao-z",
    "version": "0.2.3",
    "lockfileVersion": 2,
    "requires": true,
    "packages": {
        "": {
            "name": "qiao-z",
            "version": "0.0.5",
            "license": "MIT",
            "dependencies": {
                "parseurl": "^1.3.3",
                "qiao-file": "^1.0.1"
            }
        },
        "../qiao-file": {
            "version": "1.0.1",
            "license": "MIT"
        },
        "node_modules/parseurl": {
            "version": "1.3.3",
            "resolved": "https://registry.npmjs.org/parseurl/-/parseurl-1.3.3.tgz",
            "integrity": "sha512-CiyeOxFT/JZyN5m0z9PfXw4SCBJ6Sygz1Dpl0wqjlhDEGGBP1GnsUVEL0p63hoG1fcj3fHynXi9NYO4nWOL+qQ==",
            "engines": {
                "node": ">= 0.8"
            }
        },
        "node_modules/qiao-file": {
            "resolved": "../qiao-file",
            "link": true
        }
    },
    "dependencies": {
        "parseurl": {
            "version": "1.3.3",
            "resolved": "https://registry.npmjs.org/parseurl/-/parseurl-1.3.3.tgz",
            "integrity": "sha512-CiyeOxFT/JZyN5m0z9PfXw4SCBJ6Sygz1Dpl0wqjlhDEGGBP1GnsUVEL0p63hoG1fcj3fHynXi9NYO4nWOL+qQ=="
        },
        "qiao-file": {
            "version": "file:../qiao-file"
        }
    }
}
