{
	"name": "qiao-sms",
	"version": "0.0.9",
	"lockfileVersion": 2,
	"requires": true,
	"packages": {
		"": {
			"name": "qiao-sms",
			"version": "0.0.8",
			"license": "MIT",
			"dependencies": {
				"qcloudsms_js": "^0.1.1"
			}
		},
		"node_modules/qcloudsms_js": {
			"version": "0.1.1",
			"resolved": "https://registry.npmjs.org/qcloudsms_js/-/qcloudsms_js-0.1.1.tgz",
			"integrity": "sha512-ewdlD32XF0BkV5sGNCFHCR9FSf6fi6PijJGX1YkowFziycYUyoCThDWKM0aeZG6kSQ1y8qHHBYFhAl7JTSlhuQ=="
		}
	},
	"dependencies": {
		"qcloudsms_js": {
			"version": "0.1.1",
			"resolved": "https://registry.npmjs.org/qcloudsms_js/-/qcloudsms_js-0.1.1.tgz",
			"integrity": "sha512-ewdlD32XF0BkV5sGNCFHCR9FSf6fi6PijJGX1YkowFziycYUyoCThDWKM0aeZG6kSQ1y8qHHBYFhAl7JTSlhuQ=="
		}
	}
}
