{
  "name": "qiao-index",
  "version": "0.4.0",
  "lockfileVersion": 2,
  "requires": true,
  "packages": {
    "": {
      "name": "qiao-index",
      "version": "0.3.8",
      "license": "MIT",
      "dependencies": {
        "qiao-service": "^0.0.5",
        "react": "^18.1.0",
        "react-dom": "^18.1.0"
      }
    },
    "../qiao-ajax": {
      "version": "2.6.6",
      "license": "MIT",
      "dependencies": {
        "axios": "0.27.2"
      }
    },
    "../qiao-ajax/node_modules/asynckit": {
      "version": "0.4.0",
      "license": "MIT"
    },
    "../qiao-ajax/node_modules/axios": {
      "version": "0.27.2",
      "license": "MIT",
      "dependencies": {
        "follow-redirects": "^1.14.9",
        "form-data": "^4.0.0"
      }
    },
    "../qiao-ajax/node_modules/combined-stream": {
      "version": "1.0.8",
      "license": "MIT",
      "dependencies": {
        "delayed-stream": "~1.0.0"
      },
      "engines": {
        "node": ">= 0.8"
      }
    },
    "../qiao-ajax/node_modules/delayed-stream": {
      "version": "1.0.0",
      "license": "MIT",
      "engines": {
        "node": ">=0.4.0"
      }
    },
    "../qiao-ajax/node_modules/follow-redirects": {
      "version": "1.15.1",
      "funding": [
        {
          "type": "individual",
          "url": "https://github.com/sponsors/RubenVerborgh"
        }
      ],
      "license": "MIT",
      "engines": {
        "node": ">=4.0"
      },
      "peerDependenciesMeta": {
        "debug": {
          "optional": true
        }
      }
    },
    "../qiao-ajax/node_modules/form-data": {
      "version": "4.0.0",
      "license": "MIT",
      "dependencies": {
        "asynckit": "^0.4.0",
        "combined-stream": "^1.0.8",
        "mime-types": "^2.1.12"
      },
      "engines": {
        "node": ">= 6"
      }
    },
    "../qiao-ajax/node_modules/mime-db": {
      "version": "1.52.0",
      "license": "MIT",
      "engines": {
        "node": ">= 0.6"
      }
    },
    "../qiao-ajax/node_modules/mime-types": {
      "version": "2.1.35",
      "license": "MIT",
      "dependencies": {
        "mime-db": "1.52.0"
      },
      "engines": {
        "node": ">= 0.6"
      }
    },
    "../qiao-json": {
      "version": "0.0.8",
      "license": "MIT"
    },
    "../qiao-service": {
      "version": "0.0.5",
      "license": "MIT",
      "dependencies": {
        "qiao-ajax": "^2.6.6",
        "qiao-json": "^0.0.8"
      }
    },
    "../qiao-service/node_modules/qiao-ajax": {
      "resolved": "../qiao-ajax",
      "link": true
    },
    "../qiao-service/node_modules/qiao-json": {
      "resolved": "../qiao-json",
      "link": true
    },
    "../qiao-ui": {
      "version": "0.1.5",
      "extraneous": true,
      "license": "MIT",
      "dependencies": {
        "react": "^18.1.0",
        "react-dom": "^18.1.0"
      }
    },
    "node_modules/js-tokens": {
      "version": "4.0.0",
      "license": "MIT"
    },
    "node_modules/loose-envify": {
      "version": "1.4.0",
      "license": "MIT",
      "dependencies": {
        "js-tokens": "^3.0.0 || ^4.0.0"
      },
      "bin": {
        "loose-envify": "cli.js"
      }
    },
    "node_modules/qiao-service": {
      "resolved": "../qiao-service",
      "link": true
    },
    "node_modules/react": {
      "version": "18.1.0",
      "license": "MIT",
      "dependencies": {
        "loose-envify": "^1.1.0"
      },
      "engines": {
        "node": ">=0.10.0"
      }
    },
    "node_modules/react-dom": {
      "version": "18.1.0",
      "license": "MIT",
      "dependencies": {
        "loose-envify": "^1.1.0",
        "scheduler": "^0.22.0"
      },
      "peerDependencies": {
        "react": "^18.1.0"
      }
    },
    "node_modules/scheduler": {
      "version": "0.22.0",
      "license": "MIT",
      "dependencies": {
        "loose-envify": "^1.1.0"
      }
    }
  },
  "dependencies": {
    "js-tokens": {
      "version": "4.0.0"
    },
    "loose-envify": {
      "version": "1.4.0",
      "requires": {
        "js-tokens": "^3.0.0 || ^4.0.0"
      }
    },
    "qiao-service": {
      "version": "file:../qiao-service",
      "requires": {
        "qiao-ajax": "^2.6.6",
        "qiao-json": "^0.0.8"
      },
      "dependencies": {
        "qiao-ajax": {
          "version": "file:../qiao-ajax",
          "requires": {
            "axios": "0.27.2"
          },
          "dependencies": {
            "asynckit": {
              "version": "0.4.0"
            },
            "axios": {
              "version": "0.27.2",
              "requires": {
                "follow-redirects": "^1.14.9",
                "form-data": "^4.0.0"
              }
            },
            "combined-stream": {
              "version": "1.0.8",
              "requires": {
                "delayed-stream": "~1.0.0"
              }
            },
            "delayed-stream": {
              "version": "1.0.0"
            },
            "follow-redirects": {
              "version": "1.15.1"
            },
            "form-data": {
              "version": "4.0.0",
              "requires": {
                "asynckit": "^0.4.0",
                "combined-stream": "^1.0.8",
                "mime-types": "^2.1.12"
              }
            },
            "mime-db": {
              "version": "1.52.0"
            },
            "mime-types": {
              "version": "2.1.35",
              "requires": {
                "mime-db": "1.52.0"
              }
            }
          }
        },
        "qiao-json": {
          "version": "file:../qiao-json"
        }
      }
    },
    "react": {
      "version": "18.1.0",
      "requires": {
        "loose-envify": "^1.1.0"
      }
    },
    "react-dom": {
      "version": "18.1.0",
      "requires": {
        "loose-envify": "^1.1.0",
        "scheduler": "^0.22.0"
      }
    },
    "scheduler": {
      "version": "0.22.0",
      "requires": {
        "loose-envify": "^1.1.0"
      }
    }
  }
}
